
Microsoft Visual Studio Solution File, Format Version 12.00
# Visual Studio Version 16
VisualStudioVersion = 16.0.30907.101
MinimumVisualStudioVersion = 10.0.40219.1
Project("{FAE04EC0-301F-11D3-BF4B-00C04F79EFBC}") = "Project9-Comic-Book", "Project9-Comic-Book\Project9-Comic-Book.csproj", "{69D0E6DF-E2C0-4FA7-A527-4FC9F98C2A30}"
EndProject
Global
	GlobalSection(SolutionConfigurationPlatforms) = preSolution
		Debug|Any CPU = Debug|Any CPU
		Release|Any CPU = Release|Any CPU
	EndGlobalSection
	GlobalSection(ProjectConfigurationPlatforms) = postSolution
		{69D0E6DF-E2C0-4FA7-A527-4FC9F98C2A30}.Debug|Any CPU.ActiveCfg = Debug|Any CPU
		{69D0E6DF-E2C0-4FA7-A527-4FC9F98C2A30}.Debug|Any CPU.Build.0 = Debug|Any CPU
		{69D0E6DF-E2C0-4FA7-A527-4FC9F98C2A30}.Release|Any CPU.ActiveCfg = Release|Any CPU
		{69D0E6DF-E2C0-4FA7-A527-4FC9F98C2A30}.Release|Any CPU.Build.0 = Release|Any CPU
	EndGlobalSection
	GlobalSection(SolutionProperties) = preSolution
		HideSolutionNode = FALSE
	EndGlobalSection
	GlobalSection(ExtensibilityGlobals) = postSolution
		SolutionGuid = {1415AACE-D1BE-40A8-9564-446DFD2CBCA1}
	EndGlobalSection
EndGlobal
